
Microsoft Visual Studio Solution File, Format Version 12.00
# Visual Studio Version 17
VisualStudioVersion = 17.12.35707.178
MinimumVisualStudioVersion = 10.0.40219.1
Project("{FAE04EC0-301F-11D3-BF4B-00C04F79EFBC}") = "CompanyEmployees", "CompanyEmployees\CompanyEmployees.csproj", "{7AC1460F-284D-4A1F-85A4-27821D10B1B6}"
EndProject
Project("{FAE04EC0-301F-11D3-BF4B-00C04F79EFBC}") = "LoggingService", "LoggingService\LoggingService.csproj", "{FAD95E30-4F21-4805-BABF-FC2A1E934FA3}"
EndProject
Project("{FAE04EC0-301F-11D3-BF4B-00C04F79EFBC}") = "CompanyEmployees.Core.Domain", "CompanyEmployees.Core.Domain\CompanyEmployees.Core.Domain.csproj", "{73D47ADC-0030-4365-99EE-69A6E311772A}"
EndProject
Project("{FAE04EC0-301F-11D3-BF4B-00C04F79EFBC}") = "CompanyEmployees.Infrastructure.Persistence", "CompanyEmployees.Infrastructure.Persistence\CompanyEmployees.Infrastructure.Persistence.csproj", "{765DFBAD-72A6-4ABA-A311-3668F416784F}"
EndProject
Project("{FAE04EC0-301F-11D3-BF4B-00C04F79EFBC}") = "CompanyEmployees.Core.Services.Abstractions", "CompanyEmployees.Core.Services.Abstractions\CompanyEmployees.Core.Services.Abstractions.csproj", "{D6D7E5BF-C48B-4E88-8E9C-2BAB63E9CA00}"
EndProject
Project("{FAE04EC0-301F-11D3-BF4B-00C04F79EFBC}") = "CompanyEmployees.Core.Services", "CompanyEmployees.Core.Services\CompanyEmployees.Core.Services.csproj", "{469894B4-B441-4DC5-B30E-7D96AAFD5251}"
EndProject
Global
	GlobalSection(SolutionConfigurationPlatforms) = preSolution
		Debug|Any CPU = Debug|Any CPU
		Release|Any CPU = Release|Any CPU
	EndGlobalSection
	GlobalSection(ProjectConfigurationPlatforms) = postSolution
		{7AC1460F-284D-4A1F-85A4-27821D10B1B6}.Debug|Any CPU.ActiveCfg = Debug|Any CPU
		{7AC1460F-284D-4A1F-85A4-27821D10B1B6}.Debug|Any CPU.Build.0 = Debug|Any CPU
		{7AC1460F-284D-4A1F-85A4-27821D10B1B6}.Release|Any CPU.ActiveCfg = Release|Any CPU
		{7AC1460F-284D-4A1F-85A4-27821D10B1B6}.Release|Any CPU.Build.0 = Release|Any CPU
		{FAD95E30-4F21-4805-BABF-FC2A1E934FA3}.Debug|Any CPU.ActiveCfg = Debug|Any CPU
		{FAD95E30-4F21-4805-BABF-FC2A1E934FA3}.Debug|Any CPU.Build.0 = Debug|Any CPU
		{FAD95E30-4F21-4805-BABF-FC2A1E934FA3}.Release|Any CPU.ActiveCfg = Release|Any CPU
		{FAD95E30-4F21-4805-BABF-FC2A1E934FA3}.Release|Any CPU.Build.0 = Release|Any CPU
		{73D47ADC-0030-4365-99EE-69A6E311772A}.Debug|Any CPU.ActiveCfg = Debug|Any CPU
		{73D47ADC-0030-4365-99EE-69A6E311772A}.Debug|Any CPU.Build.0 = Debug|Any CPU
		{73D47ADC-0030-4365-99EE-69A6E311772A}.Release|Any CPU.ActiveCfg = Release|Any CPU
		{73D47ADC-0030-4365-99EE-69A6E311772A}.Release|Any CPU.Build.0 = Release|Any CPU
		{765DFBAD-72A6-4ABA-A311-3668F416784F}.Debug|Any CPU.ActiveCfg = Debug|Any CPU
		{765DFBAD-72A6-4ABA-A311-3668F416784F}.Debug|Any CPU.Build.0 = Debug|Any CPU
		{765DFBAD-72A6-4ABA-A311-3668F416784F}.Release|Any CPU.ActiveCfg = Release|Any CPU
		{765DFBAD-72A6-4ABA-A311-3668F416784F}.Release|Any CPU.Build.0 = Release|Any CPU
		{D6D7E5BF-C48B-4E88-8E9C-2BAB63E9CA00}.Debug|Any CPU.ActiveCfg = Debug|Any CPU
		{D6D7E5BF-C48B-4E88-8E9C-2BAB63E9CA00}.Debug|Any CPU.Build.0 = Debug|Any CPU
		{D6D7E5BF-C48B-4E88-8E9C-2BAB63E9CA00}.Release|Any CPU.ActiveCfg = Release|Any CPU
		{D6D7E5BF-C48B-4E88-8E9C-2BAB63E9CA00}.Release|Any CPU.Build.0 = Release|Any CPU
		{469894B4-B441-4DC5-B30E-7D96AAFD5251}.Debug|Any CPU.ActiveCfg = Debug|Any CPU
		{469894B4-B441-4DC5-B30E-7D96AAFD5251}.Debug|Any CPU.Build.0 = Debug|Any CPU
		{469894B4-B441-4DC5-B30E-7D96AAFD5251}.Release|Any CPU.ActiveCfg = Release|Any CPU
		{469894B4-B441-4DC5-B30E-7D96AAFD5251}.Release|Any CPU.Build.0 = Release|Any CPU
	EndGlobalSection
	GlobalSection(SolutionProperties) = preSolution
		HideSolutionNode = FALSE
	EndGlobalSection
EndGlobal
